// !$*UTF8*$!
{
	archiveVersion = 1;
	classes = {
	};
	objectVersion = 46;
	objects = {

/* Begin PBXBuildFile section */
		E74D96A21A9E750400AA209C /* AppDelegate.swift in Sources */ = {isa = PBXBuildFile; fileRef = E74D96A11A9E750400AA209C /* AppDelegate.swift */; };
		E74D96A41A9E750400AA209C /* ViewController.swift in Sources */ = {isa = PBXBuildFile; fileRef = E74D96A31A9E750400AA209C /* ViewController.swift */; };
		E74D96A71A9E750400AA209C /* Main.storyboard in Resources */ = {isa = PBXBuildFile; fileRef = E74D96A51A9E750400AA209C /* Main.storyboard */; };
		E74D96A91A9E750400AA209C /* Images.xcassets in Resources */ = {isa = PBXBuildFile; fileRef = E74D96A81A9E750400AA209C /* Images.xcassets */; };
		E74D96AC1A9E750400AA209C /* LaunchScreen.xib in Resources */ = {isa = PBXBuildFile; fileRef = E74D96AA1A9E750400AA209C /* LaunchScreen.xib */; };
		E74D96B81A9E750400AA209C /* trialTests.swift in Sources */ = {isa = PBXBuildFile; fileRef = E74D96B71A9E750400AA209C /* trialTests.swift */; };
/* End PBXBuildFile section */

/* Begin PBXContainerItemProxy section */
		E74D96B21A9E750400AA209C /* PBXContainerItemProxy */ = {
			isa = PBXContainerItemProxy;
			containerPortal = E74D96941A9E750400AA209C /* Project object */;
			proxyType = 1;
			remoteGlobalIDString = E74D969B1A9E750400AA209C;
			remoteInfo = trial;
		};
/* End PBXContainerItemProxy section */

/* Begin PBXFileReference section */
		E74D969C1A9E750400AA209C /* trial.app */ = {isa = PBXFileReference; explicitFileType = wrapper.application; includeInIndex = 0; path = trial.app; sourceTree = BUILT_PRODUCTS_DIR; };
		E74D96A01A9E750400AA209C /* Info.plist */ = {isa = PBXFileReference; lastKnownFileType = text.plist.xml; path = Info.plist; sourceTree = "<group>"; };
		E74D96A11A9E750400AA209C /* AppDelegate.swift */ = {isa = PBXFileReference; lastKnownFileType = sourcecode.swift; path = AppDelegate.swift; sourceTree = "<group>"; };
		E74D96A31A9E750400AA209C /* ViewController.swift */ = {isa = PBXFileReference; lastKnownFileType = sourcecode.swift; path = ViewController.swift; sourceTree = "<group>"; };
		E74D96A61A9E750400AA209C /* Base */ = {isa = PBXFileReference; lastKnownFileType = file.storyboard; name = Base; path = Base.lproj/Main.storyboard; sourceTree = "<group>"; };
		E74D96A81A9E750400AA209C /* Images.xcassets */ = {isa = PBXFileReference; lastKnownFileType = folder.assetcatalog; path = Images.xcassets; sourceTree = "<group>"; };
		E74D96AB1A9E750400AA209C /* Base */ = {isa = PBXFileReference; lastKnownFileType = file.xib; name = Base; path = Base.lproj/LaunchScreen.xib; sourceTree = "<group>"; };
		E74D96B11A9E750400AA209C /* trialTests.xctest */ = {isa = PBXFileReference; explicitFileType = wrapper.cfbundle; includeInIndex = 0; path = trialTests.xctest; sourceTree = BUILT_PRODUCTS_DIR; };
		E74D96B61A9E750400AA209C /* Info.plist */ = {isa = PBXFileReference; lastKnownFileType = text.plist.xml; path = Info.plist; sourceTree = "<group>"; };
		E74D96B71A9E750400AA209C /* trialTests.swift */ = {isa = PBXFileReference; lastKnownFileType = sourcecode.swift; path = trialTests.swift; sourceTree = "<group>"; };
/* End PBXFileReference section */

/* Begin PBXFrameworksBuildPhase section */
		E74D96991A9E750400AA209C /* Frameworks */ = {
			isa = PBXFrameworksBuildPhase;
			buildActionMask = 2147483647;
			files = (
			);
			runOnlyForDeploymentPostprocessing = 0;
		};
		E74D96AE1A9E750400AA209C /* Frameworks */ = {
			isa = PBXFrameworksBuildPhase;
			buildActionMask = 2147483647;
			files = (
			);
			runOnlyForDeploymentPostprocessing = 0;
		};
/* End PBXFrameworksBuildPhase section */

/* Begin PBXGroup section */
		E74D96931A9E750400AA209C = {
			isa = PBXGroup;
			children = (
				E74D969E1A9E750400AA209C /* trial */,
				E74D96B41A9E750400AA209C /* trialTests */,
				E74D969D1A9E750400AA209C /* Products */,
			);
			sourceTree = "<group>";
		};
		E74D969D1A9E750400AA209C /* Products */ = {
			isa = PBXGroup;
			children = (
				E74D969C1A9E750400AA209C /* trial.app */,
				E74D96B11A9E750400AA209C /* trialTests.xctest */,
			);
			name = Products;
			sourceTree = "<group>";
		};
		E74D969E1A9E750400AA209C /* trial */ = {
			isa = PBXGroup;
			children = (
				E74D96A11A9E750400AA209C /* AppDelegate.swift */,
				E74D96A31A9E750400AA209C /* ViewController.swift */,
				E74D96A51A9E750400AA209C /* Main.storyboard */,
				E74D96A81A9E750400AA209C /* Images.xcassets */,
				E74D96AA1A9E750400AA209C /* LaunchScreen.xib */,
				E74D969F1A9E750400AA209C /* Supporting Files */,
			);
			path = trial;
			sourceTree = "<group>";
		};
		E74D969F1A9E750400AA209C /* Supporting Files */ = {
			isa = PBXGroup;
			children = (
				E74D96A01A9E750400AA209C /* Info.plist */,
			);
			name = "Supporting Files";
			sourceTree = "<group>";
		};
		E74D96B41A9E750400AA209C /* trialTests */ = {
			isa = PBXGroup;
			children = (
				E74D96B71A9E750400AA209C /* trialTests.swift */,
				E74D96B51A9E750400AA209C /* Supporting Files */,
			);
			path = trialTests;
			sourceTree = "<group>";
		};
		E74D96B51A9E750400AA209C /* Supporting Files */ = {
			isa = PBXGroup;
			children = (
				E74D96B61A9E750400AA209C /* Info.plist */,
			);
			name = "Supporting Files";
			sourceTree = "<group>";
		};
/* End PBXGroup section */

/* Begin PBXNativeTarget section */
		E74D969B1A9E750400AA209C /* trial */ = {
			isa = PBXNativeTarget;
			buildConfigurationList = E74D96BB1A9E750400AA209C /* Build configuration list for PBXNativeTarget "trial" */;
			buildPhases = (
				E74D96981A9E750400AA209C /* Sources */,
				E74D96991A9E750400AA209C /* Frameworks */,
				E74D969A1A9E750400AA209C /* Resources */,
			);
			buildRules = (
			);
			dependencies = (
			);
			name = trial;
			productName = trial;
			productReference = E74D969C1A9E750400AA209C /* trial.app */;
			productType = "com.apple.product-type.application";
		};
		E74D96B01A9E750400AA209C /* trialTests */ = {
			isa = PBXNativeTarget;
			buildConfigurationList = E74D96BE1A9E750400AA209C /* Build configuration list for PBXNativeTarget "trialTests" */;
			buildPhases = (
				E74D96AD1A9E750400AA209C /* Sources */,
				E74D96AE1A9E750400AA209C /* Frameworks */,
				E74D96AF1A9E750400AA209C /* Resources */,
			);
			buildRules = (
			);
			dependencies = (
				E74D96B31A9E750400AA209C /* PBXTargetDependency */,
			);
			name = trialTests;
			productName = trialTests;
			productReference = E74D96B11A9E750400AA209C /* trialTests.xctest */;
			productType = "com.apple.product-type.bundle.unit-test";
		};
/* End PBXNativeTarget section */

/* Begin PBXProject section */
		E74D96941A9E750400AA209C /* Project object */ = {
			isa = PBXProject;
			attributes = {
				LastUpgradeCheck = 0610;
				ORGANIZATIONNAME = OzanAsan;
				TargetAttributes = {
					E74D969B1A9E750400AA209C = {
						CreatedOnToolsVersion = 6.1.1;
					};
					E74D96B01A9E750400AA209C = {
						CreatedOnToolsVersion = 6.1.1;
						TestTargetID = E74D969B1A9E750400AA209C;
					};
				};
			};
			buildConfigurationList = E74D96971A9E750400AA209C /* Build configuration list for PBXProject "trial" */;
			compatibilityVersion = "Xcode 3.2";
			developmentRegion = English;
			hasScannedForEncodings = 0;
			knownRegions = (
				en,
				Base,
			);
			mainGroup = E74D96931A9E750400AA209C;
			productRefGroup = E74D969D1A9E750400AA209C /* Products */;
			projectDirPath = "";
			projectRoot = "";
			targets = (
				E74D969B1A9E750400AA209C /* trial */,
				E74D96B01A9E750400AA209C /* trialTests */,
			);
		};
/* End PBXProject section */

/* Begin PBXResourcesBuildPhase section */
		E74D969A1A9E750400AA209C /* Resources */ = {
			isa = PBXResourcesBuildPhase;
			buildActionMask = 2147483647;
			files = (
				E74D96A71A9E750400AA209C /* Main.storyboard in Resources */,
				E74D96AC1A9E750400AA209C /* LaunchScreen.xib in Resources */,
				E74D96A91A9E750400AA209C /* Images.xcassets in Resources */,
			);
			runOnlyForDeploymentPostprocessing = 0;
		};
		E74D96AF1A9E750400AA209C /* Resources */ = {
			isa = PBXResourcesBuildPhase;
			buildActionMask = 2147483647;
			files = (
			);
			runOnlyForDeploymentPostprocessing = 0;
		};
/* End PBXResourcesBuildPhase section */

/* Begin PBXSourcesBuildPhase section */
		E74D96981A9E750400AA209C /* Sources */ = {
			isa = PBXSourcesBuildPhase;
			buildActionMask = 2147483647;
			files = (
				E74D96A41A9E750400AA209C /* ViewController.swift in Sources */,
				E74D96A21A9E750400AA209C /* AppDelegate.swift in Sources */,
			);
			runOnlyForDeploymentPostprocessing = 0;
		};
		E74D96AD1A9E750400AA209C /* Sources */ = {
			isa = PBXSourcesBuildPhase;
			buildActionMask = 2147483647;
			files = (
				E74D96B81A9E750400AA209C /* trialTests.swift in Sources */,
			);
			runOnlyForDeploymentPostprocessing = 0;
		};
/* End PBXSourcesBuildPhase section */

/* Begin PBXTargetDependency section */
		E74D96B31A9E750400AA209C /* PBXTargetDependency */ = {
			isa = PBXTargetDependency;
			target = E74D969B1A9E750400AA209C /* trial */;
			targetProxy = E74D96B21A9E750400AA209C /* PBXContainerItemProxy */;
		};
/* End PBXTargetDependency section */

/* Begin PBXVariantGroup section */
		E74D96A51A9E750400AA209C /* Main.storyboard */ = {
			isa = PBXVariantGroup;
			children = (
				E74D96A61A9E750400AA209C /* Base */,
			);
			name = Main.storyboard;
			sourceTree = "<group>";
		};
		E74D96AA1A9E750400AA209C /* LaunchScreen.xib */ = {
			isa = PBXVariantGroup;
			children = (
				E74D96AB1A9E750400AA209C /* Base */,
			);
			name = LaunchScreen.xib;
			sourceTree = "<group>";
		};
/* End PBXVariantGroup section */

/* Begin XCBuildConfiguration section */
		E74D96B91A9E750400AA209C /* Debug */ = {
			isa = XCBuildConfiguration;
			buildSettings = {
				ALWAYS_SEARCH_USER_PATHS = NO;
				CLANG_CXX_LANGUAGE_STANDARD = "gnu++0x";
				CLANG_CXX_LIBRARY = "libc++";
				CLANG_ENABLE_MODULES = YES;
				CLANG_ENABLE_OBJC_ARC = YES;
				CLANG_WARN_BOOL_CONVERSION = YES;
				CLANG_WARN_CONSTANT_CONVERSION = YES;
				CLANG_WARN_DIRECT_OBJC_ISA_USAGE = YES_ERROR;
				CLANG_WARN_EMPTY_BODY = YES;
				CLANG_WARN_ENUM_CONVERSION = YES;
				CLANG_WARN_INT_CONVERSION = YES;
				CLANG_WARN_OBJC_ROOT_CLASS = YES_ERROR;
				CLANG_WARN_UNREACHABLE_CODE = YES;
				CLANG_WARN__DUPLICATE_METHOD_MATCH = YES;
				"CODE_SIGN_IDENTITY[sdk=iphoneos*]" = "iPhone Developer";
				COPY_PHASE_STRIP = NO;
				ENABLE_STRICT_OBJC_MSGSEND = YES;
				GCC_C_LANGUAGE_STANDARD = gnu99;
				GCC_DYNAMIC_NO_PIC = NO;
				GCC_OPTIMIZATION_LEVEL = 0;
				GCC_PREPROCESSOR_DEFINITIONS = (
					"DEBUG=1",
					"$(inherited)",
				);
				GCC_SYMBOLS_PRIVATE_EXTERN = NO;
				GCC_WARN_64_TO_32_BIT_CONVERSION = YES;
				GCC_WARN_ABOUT_RETURN_TYPE = YES_ERROR;
				GCC_WARN_UNDECLARED_SELECTOR = YES;
				GCC_WARN_UNINITIALIZED_AUTOS = YES_AGGRESSIVE;
				GCC_WARN_UNUSED_FUNCTION = YES;
				GCC_WARN_UNUSED_VARIABLE = YES;
				IPHONEOS_DEPLOYMENT_TARGET = 8.1;
				MTL_ENABLE_DEBUG_INFO = YES;
				ONLY_ACTIVE_ARCH = YES;
				SDKROOT = iphoneos;
				SWIFT_OPTIMIZATION_LEVEL = "-Onone";
			};
			name = Debug;
		};
		E74D96BA1A9E750400AA209C /* Release */ = {
			isa = XCBuildConfiguration;
			buildSettings = {
				ALWAYS_SEARCH_USER_PATHS = NO;
				CLANG_CXX_LANGUAGE_STANDARD = "gnu++0x";
				CLANG_CXX_LIBRARY = "libc++";
				CLANG_ENABLE_MODULES = YES;
				CLANG_ENABLE_OBJC_ARC = YES;
				CLANG_WARN_BOOL_CONVERSION = YES;
				CLANG_WARN_CONSTANT_CONVERSION = YES;
				CLANG_WARN_DIRECT_OBJC_ISA_USAGE = YES_ERROR;
				CLANG_WARN_EMPTY_BODY = YES;
				CLANG_WARN_ENUM_CONVERSION = YES;
				CLANG_WARN_INT_CONVERSION = YES;
				CLANG_WARN_OBJC_ROOT_CLASS = YES_ERROR;
				CLANG_WARN_UNREACHABLE_CODE = YES;
				CLANG_WARN__DUPLICATE_METHOD_MATCH = YES;
				"CODE_SIGN_IDENTITY[sdk=iphoneos*]" = "iPhone Developer";
				COPY_PHASE_STRIP = YES;
				ENABLE_NS_ASSERTIONS = NO;
				ENABLE_STRICT_OBJC_MSGSEND = YES;
				GCC_C_LANGUAGE_STANDARD = gnu99;
				GCC_WARN_64_TO_32_BIT_CONVERSION = YES;
				GCC_WARN_ABOUT_RETURN_TYPE = YES_ERROR;
				GCC_WARN_UNDECLARED_SELECTOR = YES;
				GCC_WARN_UNINITIALIZED_AUTOS = YES_AGGRESSIVE;
				GCC_WARN_UNUSED_FUNCTION = YES;
				GCC_WARN_UNUSED_VARIABLE = YES;
				IPHONEOS_DEPLOYMENT_TARGET = 8.1;
				MTL_ENABLE_DEBUG_INFO = NO;
				SDKROOT = iphoneos;
				VALIDATE_PRODUCT = YES;
			};
			name = Release;
		};
		E74D96BC1A9E750400AA209C /* Debug */ = {
			isa = XCBuildConfiguration;
			buildSettings = {
				ASSETCATALOG_COMPILER_APPICON_NAME = AppIcon;
				INFOPLIST_FILE = trial/Info.plist;
				LD_RUNPATH_SEARCH_PATHS = "$(inherited) @executable_path/Frameworks";
				PRODUCT_NAME = "$(TARGET_NAME)";
			};
			name = Debug;
		};
		E74D96BD1A9E750400AA209C /* Release */ = {
			isa = XCBuildConfiguration;
			buildSettings = {
				ASSETCATALOG_COMPILER_APPICON_NAME = AppIcon;
				INFOPLIST_FILE = trial/Info.plist;
				LD_RUNPATH_SEARCH_PATHS = "$(inherited) @executable_path/Frameworks";
				PRODUCT_NAME = "$(TARGET_NAME)";
			};
			name = Release;
		};
		E74D96BF1A9E750400AA209C /* Debug */ = {
			isa = XCBuildConfiguration;
			buildSettings = {
				BUNDLE_LOADER = "$(TEST_HOST)";
				FRAMEWORK_SEARCH_PATHS = (
					"$(SDKROOT)/Developer/Library/Frameworks",
					"$(inherited)",
				);
				GCC_PREPROCESSOR_DEFINITIONS = (
					"DEBUG=1",
					"$(inherited)",
				);
				INFOPLIST_FILE = trialTests/Info.plist;
				LD_RUNPATH_SEARCH_PATHS = "$(inherited) @executable_path/Frameworks @loader_path/Frameworks";
				PRODUCT_NAME = "$(TARGET_NAME)";
				TEST_HOST = "$(BUILT_PRODUCTS_DIR)/trial.app/trial";
			};
			name = Debug;
		};
		E74D96C01A9E750400AA209C /* Release */ = {
			isa = XCBuildConfiguration;
			buildSettings = {
				BUNDLE_LOADER = "$(TEST_HOST)";
				FRAMEWORK_SEARCH_PATHS = (
					"$(SDKROOT)/Developer/Library/Frameworks",
					"$(inherited)",
				);
				INFOPLIST_FILE = trialTests/Info.plist;
				LD_RUNPATH_SEARCH_PATHS = "$(inherited) @executable_path/Frameworks @loader_path/Frameworks";
				PRODUCT_NAME = "$(TARGET_NAME)";
				TEST_HOST = "$(BUILT_PRODUCTS_DIR)/trial.app/trial";
			};
			name = Release;
		};
/* End XCBuildConfiguration section */

/* Begin XCConfigurationList section */
		E74D96971A9E750400AA209C /* Build configuration list for PBXProject "trial" */ = {
			isa = XCConfigurationList;
			buildConfigurations = (
				E74D96B91A9E750400AA209C /* Debug */,
				E74D96BA1A9E750400AA209C /* Release */,
			);
			defaultConfigurationIsVisible = 0;
			defaultConfigurationName = Release;
		};
		E74D96BB1A9E750400AA209C /* Build configuration list for PBXNativeTarget "trial" */ = {
			isa = XCConfigurationList;
			buildConfigurations = (
				E74D96BC1A9E750400AA209C /* Debug */,
				E74D96BD1A9E750400AA209C /* Release */,
			);
			defaultConfigurationIsVisible = 0;
		};
		E74D96BE1A9E750400AA209C /* Build configuration list for PBXNativeTarget "trialTests" */ = {
			isa = XCConfigurationList;
			buildConfigurations = (
				E74D96BF1A9E750400AA209C /* Debug */,
				E74D96C01A9E750400AA209C /* Release */,
			);
			defaultConfigurationIsVisible = 0;
		};
/* End XCConfigurationList section */
	};
	rootObject = E74D96941A9E750400AA209C /* Project object */;
}
